// !$*UTF8*$!
{
	archiveVersion = 1;
	classes = {
	};
	objectVersion = 46;
	objects = {

/* Begin PBXBuildFile section */
		EB51D1611EA616050039659B /* AppDelegate.swift in Sources */ = {isa = PBXBuildFile; fileRef = EB51D1601EA616050039659B /* AppDelegate.swift */; };
		EB51D1631EA616050039659B /* ViewController.swift in Sources */ = {isa = PBXBuildFile; fileRef = EB51D1621EA616050039659B /* ViewController.swift */; };
		EB51D1661EA616050039659B /* Main.storyboard in Resources */ = {isa = PBXBuildFile; fileRef = EB51D1641EA616050039659B /* Main.storyboard */; };
		EB51D1681EA616050039659B /* Assets.xcassets in Resources */ = {isa = PBXBuildFile; fileRef = EB51D1671EA616050039659B /* Assets.xcassets */; };
		EB51D16B1EA616050039659B /* LaunchScreen.storyboard in Resources */ = {isa = PBXBuildFile; fileRef = EB51D1691EA616050039659B /* LaunchScreen.storyboard */; };
		EB51D1761EA616050039659B /* testApp2Tests.swift in Sources */ = {isa = PBXBuildFile; fileRef = EB51D1751EA616050039659B /* testApp2Tests.swift */; };
		EB51D1811EA616050039659B /* testApp2UITests.swift in Sources */ = {isa = PBXBuildFile; fileRef = EB51D1801EA616050039659B /* testApp2UITests.swift */; };
		EB51D18F1EA6168C0039659B /* TestContainerViewController.swift in Sources */ = {isa = PBXBuildFile; fileRef = EB51D18E1EA6168C0039659B /* TestContainerViewController.swift */; };
		EB51D1901EA6168C0039659B /* TestContainerViewController.swift in Sources */ = {isa = PBXBuildFile; fileRef = EB51D18E1EA6168C0039659B /* TestContainerViewController.swift */; };
		EB51D1921EA617A60039659B /* ViewController2.swift in Sources */ = {isa = PBXBuildFile; fileRef = EB51D1911EA617A60039659B /* ViewController2.swift */; };
		EB51D1931EA617A60039659B /* ViewController2.swift in Sources */ = {isa = PBXBuildFile; fileRef = EB51D1911EA617A60039659B /* ViewController2.swift */; };
/* End PBXBuildFile section */

/* Begin PBXContainerItemProxy section */
		EB51D1721EA616050039659B /* PBXContainerItemProxy */ = {
			isa = PBXContainerItemProxy;
			containerPortal = EB51D1551EA616050039659B /* Project object */;
			proxyType = 1;
			remoteGlobalIDString = EB51D15C1EA616050039659B;
			remoteInfo = testApp2;
		};
		EB51D17D1EA616050039659B /* PBXContainerItemProxy */ = {
			isa = PBXContainerItemProxy;
			containerPortal = EB51D1551EA616050039659B /* Project object */;
			proxyType = 1;
			remoteGlobalIDString = EB51D15C1EA616050039659B;
			remoteInfo = testApp2;
		};
/* End PBXContainerItemProxy section */

/* Begin PBXFileReference section */
		EB51D15D1EA616050039659B /* testApp2.app */ = {isa = PBXFileReference; explicitFileType = wrapper.application; includeInIndex = 0; path = testApp2.app; sourceTree = BUILT_PRODUCTS_DIR; };
		EB51D1601EA616050039659B /* AppDelegate.swift */ = {isa = PBXFileReference; lastKnownFileType = sourcecode.swift; path = AppDelegate.swift; sourceTree = "<group>"; };
		EB51D1621EA616050039659B /* ViewController.swift */ = {isa = PBXFileReference; lastKnownFileType = sourcecode.swift; path = ViewController.swift; sourceTree = "<group>"; };
		EB51D1651EA616050039659B /* Base */ = {isa = PBXFileReference; lastKnownFileType = file.storyboard; name = Base; path = Base.lproj/Main.storyboard; sourceTree = "<group>"; };
		EB51D1671EA616050039659B /* Assets.xcassets */ = {isa = PBXFileReference; lastKnownFileType = folder.assetcatalog; path = Assets.xcassets; sourceTree = "<group>"; };
		EB51D16A1EA616050039659B /* Base */ = {isa = PBXFileReference; lastKnownFileType = file.storyboard; name = Base; path = Base.lproj/LaunchScreen.storyboard; sourceTree = "<group>"; };
		EB51D16C1EA616050039659B /* Info.plist */ = {isa = PBXFileReference; lastKnownFileType = text.plist.xml; path = Info.plist; sourceTree = "<group>"; };
		EB51D1711EA616050039659B /* testApp2Tests.xctest */ = {isa = PBXFileReference; explicitFileType = wrapper.cfbundle; includeInIndex = 0; path = testApp2Tests.xctest; sourceTree = BUILT_PRODUCTS_DIR; };
		EB51D1751EA616050039659B /* testApp2Tests.swift */ = {isa = PBXFileReference; lastKnownFileType = sourcecode.swift; path = testApp2Tests.swift; sourceTree = "<group>"; };
		EB51D1771EA616050039659B /* Info.plist */ = {isa = PBXFileReference; lastKnownFileType = text.plist.xml; path = Info.plist; sourceTree = "<group>"; };
		EB51D17C1EA616050039659B /* testApp2UITests.xctest */ = {isa = PBXFileReference; explicitFileType = wrapper.cfbundle; includeInIndex = 0; path = testApp2UITests.xctest; sourceTree = BUILT_PRODUCTS_DIR; };
		EB51D1801EA616050039659B /* testApp2UITests.swift */ = {isa = PBXFileReference; lastKnownFileType = sourcecode.swift; path = testApp2UITests.swift; sourceTree = "<group>"; };
		EB51D1821EA616050039659B /* Info.plist */ = {isa = PBXFileReference; lastKnownFileType = text.plist.xml; path = Info.plist; sourceTree = "<group>"; };
		EB51D18E1EA6168C0039659B /* TestContainerViewController.swift */ = {isa = PBXFileReference; fileEncoding = 4; lastKnownFileType = sourcecode.swift; path = TestContainerViewController.swift; sourceTree = "<group>"; };
		EB51D1911EA617A60039659B /* ViewController2.swift */ = {isa = PBXFileReference; fileEncoding = 4; lastKnownFileType = sourcecode.swift; path = ViewController2.swift; sourceTree = "<group>"; };
/* End PBXFileReference section */

/* Begin PBXFrameworksBuildPhase section */
		EB51D15A1EA616050039659B /* Frameworks */ = {
			isa = PBXFrameworksBuildPhase;
			buildActionMask = 2147483647;
			files = (
			);
			runOnlyForDeploymentPostprocessing = 0;
		};
		EB51D16E1EA616050039659B /* Frameworks */ = {
			isa = PBXFrameworksBuildPhase;
			buildActionMask = 2147483647;
			files = (
			);
			runOnlyForDeploymentPostprocessing = 0;
		};
		EB51D1791EA616050039659B /* Frameworks */ = {
			isa = PBXFrameworksBuildPhase;
			buildActionMask = 2147483647;
			files = (
			);
			runOnlyForDeploymentPostprocessing = 0;
		};
/* End PBXFrameworksBuildPhase section */

/* Begin PBXGroup section */
		EB51D1541EA616050039659B = {
			isa = PBXGroup;
			children = (
				EB51D15F1EA616050039659B /* testApp2 */,
				EB51D1741EA616050039659B /* testApp2Tests */,
				EB51D17F1EA616050039659B /* testApp2UITests */,
				EB51D15E1EA616050039659B /* Products */,
			);
			sourceTree = "<group>";
		};
		EB51D15E1EA616050039659B /* Products */ = {
			isa = PBXGroup;
			children = (
				EB51D15D1EA616050039659B /* testApp2.app */,
				EB51D1711EA616050039659B /* testApp2Tests.xctest */,
				EB51D17C1EA616050039659B /* testApp2UITests.xctest */,
			);
			name = Products;
			sourceTree = "<group>";
		};
		EB51D15F1EA616050039659B /* testApp2 */ = {
			isa = PBXGroup;
			children = (
				EB51D1601EA616050039659B /* AppDelegate.swift */,
				EB51D1621EA616050039659B /* ViewController.swift */,
				EB51D18E1EA6168C0039659B /* TestContainerViewController.swift */,
				EB51D1641EA616050039659B /* Main.storyboard */,
				EB51D1911EA617A60039659B /* ViewController2.swift */,
				EB51D1671EA616050039659B /* Assets.xcassets */,
				EB51D1691EA616050039659B /* LaunchScreen.storyboard */,
				EB51D16C1EA616050039659B /* Info.plist */,
			);
			path = testApp2;
			sourceTree = "<group>";
		};
		EB51D1741EA616050039659B /* testApp2Tests */ = {
			isa = PBXGroup;
			children = (
				EB51D1751EA616050039659B /* testApp2Tests.swift */,
				EB51D1771EA616050039659B /* Info.plist */,
			);
			path = testApp2Tests;
			sourceTree = "<group>";
		};
		EB51D17F1EA616050039659B /* testApp2UITests */ = {
			isa = PBXGroup;
			children = (
				EB51D1801EA616050039659B /* testApp2UITests.swift */,
				EB51D1821EA616050039659B /* Info.plist */,
			);
			path = testApp2UITests;
			sourceTree = "<group>";
		};
/* End PBXGroup section */

/* Begin PBXNativeTarget section */
		EB51D15C1EA616050039659B /* testApp2 */ = {
			isa = PBXNativeTarget;
			buildConfigurationList = EB51D1851EA616050039659B /* Build configuration list for PBXNativeTarget "testApp2" */;
			buildPhases = (
				EB51D1591EA616050039659B /* Sources */,
				EB51D15A1EA616050039659B /* Frameworks */,
				EB51D15B1EA616050039659B /* Resources */,
			);
			buildRules = (
			);
			dependencies = (
			);
			name = testApp2;
			productName = testApp2;
			productReference = EB51D15D1EA616050039659B /* testApp2.app */;
			productType = "com.apple.product-type.application";
		};
		EB51D1701EA616050039659B /* testApp2Tests */ = {
			isa = PBXNativeTarget;
			buildConfigurationList = EB51D1881EA616050039659B /* Build configuration list for PBXNativeTarget "testApp2Tests" */;
			buildPhases = (
				EB51D16D1EA616050039659B /* Sources */,
				EB51D16E1EA616050039659B /* Frameworks */,
				EB51D16F1EA616050039659B /* Resources */,
			);
			buildRules = (
			);
			dependencies = (
				EB51D1731EA616050039659B /* PBXTargetDependency */,
			);
			name = testApp2Tests;
			productName = testApp2Tests;
			productReference = EB51D1711EA616050039659B /* testApp2Tests.xctest */;
			productType = "com.apple.product-type.bundle.unit-test";
		};
		EB51D17B1EA616050039659B /* testApp2UITests */ = {
			isa = PBXNativeTarget;
			buildConfigurationList = EB51D18B1EA616050039659B /* Build configuration list for PBXNativeTarget "testApp2UITests" */;
			buildPhases = (
				EB51D1781EA616050039659B /* Sources */,
				EB51D1791EA616050039659B /* Frameworks */,
				EB51D17A1EA616050039659B /* Resources */,
			);
			buildRules = (
			);
			dependencies = (
				EB51D17E1EA616050039659B /* PBXTargetDependency */,
			);
			name = testApp2UITests;
			productName = testApp2UITests;
			productReference = EB51D17C1EA616050039659B /* testApp2UITests.xctest */;
			productType = "com.apple.product-type.bundle.ui-testing";
		};
/* End PBXNativeTarget section */

/* Begin PBXProject section */
		EB51D1551EA616050039659B /* Project object */ = {
			isa = PBXProject;
			attributes = {
				LastSwiftUpdateCheck = 0830;
				LastUpgradeCheck = 0830;
				ORGANIZATIONNAME = Gotadi;
				TargetAttributes = {
					EB51D15C1EA616050039659B = {
						CreatedOnToolsVersion = 8.3.1;
						DevelopmentTeam = LR8XGHFLF8;
						ProvisioningStyle = Automatic;
					};
					EB51D1701EA616050039659B = {
						CreatedOnToolsVersion = 8.3.1;
						ProvisioningStyle = Automatic;
						TestTargetID = EB51D15C1EA616050039659B;
					};
					EB51D17B1EA616050039659B = {
						CreatedOnToolsVersion = 8.3.1;
						ProvisioningStyle = Automatic;
						TestTargetID = EB51D15C1EA616050039659B;
					};
				};
			};
			buildConfigurationList = EB51D1581EA616050039659B /* Build configuration list for PBXProject "testApp2" */;
			compatibilityVersion = "Xcode 3.2";
			developmentRegion = English;
			hasScannedForEncodings = 0;
			knownRegions = (
				en,
				Base,
			);
			mainGroup = EB51D1541EA616050039659B;
			productRefGroup = EB51D15E1EA616050039659B /* Products */;
			projectDirPath = "";
			projectRoot = "";
			targets = (
				EB51D15C1EA616050039659B /* testApp2 */,
				EB51D1701EA616050039659B /* testApp2Tests */,
				EB51D17B1EA616050039659B /* testApp2UITests */,
			);
		};
/* End PBXProject section */

/* Begin PBXResourcesBuildPhase section */
		EB51D15B1EA616050039659B /* Resources */ = {
			isa = PBXResourcesBuildPhase;
			buildActionMask = 2147483647;
			files = (
				EB51D16B1EA616050039659B /* LaunchScreen.storyboard in Resources */,
				EB51D1681EA616050039659B /* Assets.xcassets in Resources */,
				EB51D1661EA616050039659B /* Main.storyboard in Resources */,
			);
			runOnlyForDeploymentPostprocessing = 0;
		};
		EB51D16F1EA616050039659B /* Resources */ = {
			isa = PBXResourcesBuildPhase;
			buildActionMask = 2147483647;
			files = (
			);
			runOnlyForDeploymentPostprocessing = 0;
		};
		EB51D17A1EA616050039659B /* Resources */ = {
			isa = PBXResourcesBuildPhase;
			buildActionMask = 2147483647;
			files = (
			);
			runOnlyForDeploymentPostprocessing = 0;
		};
/* End PBXResourcesBuildPhase section */

/* Begin PBXSourcesBuildPhase section */
		EB51D1591EA616050039659B /* Sources */ = {
			isa = PBXSourcesBuildPhase;
			buildActionMask = 2147483647;
			files = (
				EB51D18F1EA6168C0039659B /* TestContainerViewController.swift in Sources */,
				EB51D1921EA617A60039659B /* ViewController2.swift in Sources */,
				EB51D1631EA616050039659B /* ViewController.swift in Sources */,
				EB51D1611EA616050039659B /* AppDelegate.swift in Sources */,
			);
			runOnlyForDeploymentPostprocessing = 0;
		};
		EB51D16D1EA616050039659B /* Sources */ = {
			isa = PBXSourcesBuildPhase;
			buildActionMask = 2147483647;
			files = (
				EB51D1901EA6168C0039659B /* TestContainerViewController.swift in Sources */,
				EB51D1761EA616050039659B /* testApp2Tests.swift in Sources */,
				EB51D1931EA617A60039659B /* ViewController2.swift in Sources */,
			);
			runOnlyForDeploymentPostprocessing = 0;
		};
		EB51D1781EA616050039659B /* Sources */ = {
			isa = PBXSourcesBuildPhase;
			buildActionMask = 2147483647;
			files = (
				EB51D1811EA616050039659B /* testApp2UITests.swift in Sources */,
			);
			runOnlyForDeploymentPostprocessing = 0;
		};
/* End PBXSourcesBuildPhase section */

/* Begin PBXTargetDependency section */
		EB51D1731EA616050039659B /* PBXTargetDependency */ = {
			isa = PBXTargetDependency;
			target = EB51D15C1EA616050039659B /* testApp2 */;
			targetProxy = EB51D1721EA616050039659B /* PBXContainerItemProxy */;
		};
		EB51D17E1EA616050039659B /* PBXTargetDependency */ = {
			isa = PBXTargetDependency;
			target = EB51D15C1EA616050039659B /* testApp2 */;
			targetProxy = EB51D17D1EA616050039659B /* PBXContainerItemProxy */;
		};
/* End PBXTargetDependency section */

/* Begin PBXVariantGroup section */
		EB51D1641EA616050039659B /* Main.storyboard */ = {
			isa = PBXVariantGroup;
			children = (
				EB51D1651EA616050039659B /* Base */,
			);
			name = Main.storyboard;
			sourceTree = "<group>";
		};
		EB51D1691EA616050039659B /* LaunchScreen.storyboard */ = {
			isa = PBXVariantGroup;
			children = (
				EB51D16A1EA616050039659B /* Base */,
			);
			name = LaunchScreen.storyboard;
			sourceTree = "<group>";
		};
/* End PBXVariantGroup section */

/* Begin XCBuildConfiguration section */
		EB51D1831EA616050039659B /* Debug */ = {
			isa = XCBuildConfiguration;
			buildSettings = {
				ALWAYS_SEARCH_USER_PATHS = NO;
				CLANG_ANALYZER_NONNULL = YES;
				CLANG_ANALYZER_NUMBER_OBJECT_CONVERSION = YES_AGGRESSIVE;
				CLANG_CXX_LANGUAGE_STANDARD = "gnu++0x";
				CLANG_CXX_LIBRARY = "libc++";
				CLANG_ENABLE_MODULES = YES;
				CLANG_ENABLE_OBJC_ARC = YES;
				CLANG_WARN_BOOL_CONVERSION = YES;
				CLANG_WARN_CONSTANT_CONVERSION = YES;
				CLANG_WARN_DIRECT_OBJC_ISA_USAGE = YES_ERROR;
				CLANG_WARN_DOCUMENTATION_COMMENTS = YES;
				CLANG_WARN_EMPTY_BODY = YES;
				CLANG_WARN_ENUM_CONVERSION = YES;
				CLANG_WARN_INFINITE_RECURSION = YES;
				CLANG_WARN_INT_CONVERSION = YES;
				CLANG_WARN_OBJC_ROOT_CLASS = YES_ERROR;
				CLANG_WARN_SUSPICIOUS_MOVE = YES;
				CLANG_WARN_UNREACHABLE_CODE = YES;
				CLANG_WARN__DUPLICATE_METHOD_MATCH = YES;
				"CODE_SIGN_IDENTITY[sdk=iphoneos*]" = "iPhone Developer";
				COPY_PHASE_STRIP = NO;
				DEBUG_INFORMATION_FORMAT = dwarf;
				ENABLE_STRICT_OBJC_MSGSEND = YES;
				ENABLE_TESTABILITY = YES;
				GCC_C_LANGUAGE_STANDARD = gnu99;
				GCC_DYNAMIC_NO_PIC = NO;
				GCC_NO_COMMON_BLOCKS = YES;
				GCC_OPTIMIZATION_LEVEL = 0;
				GCC_PREPROCESSOR_DEFINITIONS = (
					"DEBUG=1",
					"$(inherited)",
				);
				GCC_WARN_64_TO_32_BIT_CONVERSION = YES;
				GCC_WARN_ABOUT_RETURN_TYPE = YES_ERROR;
				GCC_WARN_UNDECLARED_SELECTOR = YES;
				GCC_WARN_UNINITIALIZED_AUTOS = YES_AGGRESSIVE;
				GCC_WARN_UNUSED_FUNCTION = YES;
				GCC_WARN_UNUSED_VARIABLE = YES;
				IPHONEOS_DEPLOYMENT_TARGET = 10.3;
				MTL_ENABLE_DEBUG_INFO = YES;
				ONLY_ACTIVE_ARCH = YES;
				SDKROOT = iphoneos;
				SWIFT_ACTIVE_COMPILATION_CONDITIONS = DEBUG;
				SWIFT_OPTIMIZATION_LEVEL = "-Onone";
				TARGETED_DEVICE_FAMILY = "1,2";
			};
			name = Debug;
		};
		EB51D1841EA616050039659B /* Release */ = {
			isa = XCBuildConfiguration;
			buildSettings = {
				ALWAYS_SEARCH_USER_PATHS = NO;
				CLANG_ANALYZER_NONNULL = YES;
				CLANG_ANALYZER_NUMBER_OBJECT_CONVERSION = YES_AGGRESSIVE;
				CLANG_CXX_LANGUAGE_STANDARD = "gnu++0x";
				CLANG_CXX_LIBRARY = "libc++";
				CLANG_ENABLE_MODULES = YES;
				CLANG_ENABLE_OBJC_ARC = YES;
				CLANG_WARN_BOOL_CONVERSION = YES;
				CLANG_WARN_CONSTANT_CONVERSION = YES;
				CLANG_WARN_DIRECT_OBJC_ISA_USAGE = YES_ERROR;
				CLANG_WARN_DOCUMENTATION_COMMENTS = YES;
				CLANG_WARN_EMPTY_BODY = YES;
				CLANG_WARN_ENUM_CONVERSION = YES;
				CLANG_WARN_INFINITE_RECURSION = YES;
				CLANG_WARN_INT_CONVERSION = YES;
				CLANG_WARN_OBJC_ROOT_CLASS = YES_ERROR;
				CLANG_WARN_SUSPICIOUS_MOVE = YES;
				CLANG_WARN_UNREACHABLE_CODE = YES;
				CLANG_WARN__DUPLICATE_METHOD_MATCH = YES;
				"CODE_SIGN_IDENTITY[sdk=iphoneos*]" = "iPhone Developer";
				COPY_PHASE_STRIP = NO;
				DEBUG_INFORMATION_FORMAT = "dwarf-with-dsym";
				ENABLE_NS_ASSERTIONS = NO;
				ENABLE_STRICT_OBJC_MSGSEND = YES;
				GCC_C_LANGUAGE_STANDARD = gnu99;
				GCC_NO_COMMON_BLOCKS = YES;
				GCC_WARN_64_TO_32_BIT_CONVERSION = YES;
				GCC_WARN_ABOUT_RETURN_TYPE = YES_ERROR;
				GCC_WARN_UNDECLARED_SELECTOR = YES;
				GCC_WARN_UNINITIALIZED_AUTOS = YES_AGGRESSIVE;
				GCC_WARN_UNUSED_FUNCTION = YES;
				GCC_WARN_UNUSED_VARIABLE = YES;
				IPHONEOS_DEPLOYMENT_TARGET = 10.3;
				MTL_ENABLE_DEBUG_INFO = NO;
				SDKROOT = iphoneos;
				SWIFT_OPTIMIZATION_LEVEL = "-Owholemodule";
				TARGETED_DEVICE_FAMILY = "1,2";
				VALIDATE_PRODUCT = YES;
			};
			name = Release;
		};
		EB51D1861EA616050039659B /* Debug */ = {
			isa = XCBuildConfiguration;
			buildSettings = {
				ASSETCATALOG_COMPILER_APPICON_NAME = AppIcon;
				DEVELOPMENT_TEAM = LR8XGHFLF8;
				INFOPLIST_FILE = testApp2/Info.plist;
				LD_RUNPATH_SEARCH_PATHS = "$(inherited) @executable_path/Frameworks";
				PRODUCT_BUNDLE_IDENTIFIER = gotadi.com.testApp2;
				PRODUCT_NAME = "$(TARGET_NAME)";
				SWIFT_VERSION = 3.0;
			};
			name = Debug;
		};
		EB51D1871EA616050039659B /* Release */ = {
			isa = XCBuildConfiguration;
			buildSettings = {
				ASSETCATALOG_COMPILER_APPICON_NAME = AppIcon;
				DEVELOPMENT_TEAM = LR8XGHFLF8;
				INFOPLIST_FILE = testApp2/Info.plist;
				LD_RUNPATH_SEARCH_PATHS = "$(inherited) @executable_path/Frameworks";
				PRODUCT_BUNDLE_IDENTIFIER = gotadi.com.testApp2;
				PRODUCT_NAME = "$(TARGET_NAME)";
				SWIFT_VERSION = 3.0;
			};
			name = Release;
		};
		EB51D1891EA616050039659B /* Debug */ = {
			isa = XCBuildConfiguration;
			buildSettings = {
				ALWAYS_EMBED_SWIFT_STANDARD_LIBRARIES = YES;
				BUNDLE_LOADER = "$(TEST_HOST)";
				INFOPLIST_FILE = testApp2Tests/Info.plist;
				LD_RUNPATH_SEARCH_PATHS = "$(inherited) @executable_path/Frameworks @loader_path/Frameworks";
				PRODUCT_BUNDLE_IDENTIFIER = gotadi.com.testApp2Tests;
				PRODUCT_NAME = "$(TARGET_NAME)";
				SWIFT_VERSION = 3.0;
				TEST_HOST = "$(BUILT_PRODUCTS_DIR)/testApp2.app/testApp2";
			};
			name = Debug;
		};
		EB51D18A1EA616050039659B /* Release */ = {
			isa = XCBuildConfiguration;
			buildSettings = {
				ALWAYS_EMBED_SWIFT_STANDARD_LIBRARIES = YES;
				BUNDLE_LOADER = "$(TEST_HOST)";
				INFOPLIST_FILE = testApp2Tests/Info.plist;
				LD_RUNPATH_SEARCH_PATHS = "$(inherited) @executable_path/Frameworks @loader_path/Frameworks";
				PRODUCT_BUNDLE_IDENTIFIER = gotadi.com.testApp2Tests;
				PRODUCT_NAME = "$(TARGET_NAME)";
				SWIFT_VERSION = 3.0;
				TEST_HOST = "$(BUILT_PRODUCTS_DIR)/testApp2.app/testApp2";
			};
			name = Release;
		};
		EB51D18C1EA616050039659B /* Debug */ = {
			isa = XCBuildConfiguration;
			buildSettings = {
				ALWAYS_EMBED_SWIFT_STANDARD_LIBRARIES = YES;
				INFOPLIST_FILE = testApp2UITests/Info.plist;
				LD_RUNPATH_SEARCH_PATHS = "$(inherited) @executable_path/Frameworks @loader_path/Frameworks";
				PRODUCT_BUNDLE_IDENTIFIER = gotadi.com.testApp2UITests;
				PRODUCT_NAME = "$(TARGET_NAME)";
				SWIFT_VERSION = 3.0;
				TEST_TARGET_NAME = testApp2;
			};
			name = Debug;
		};
		EB51D18D1EA616050039659B /* Release */ = {
			isa = XCBuildConfiguration;
			buildSettings = {
				ALWAYS_EMBED_SWIFT_STANDARD_LIBRARIES = YES;
				INFOPLIST_FILE = testApp2UITests/Info.plist;
				LD_RUNPATH_SEARCH_PATHS = "$(inherited) @executable_path/Frameworks @loader_path/Frameworks";
				PRODUCT_BUNDLE_IDENTIFIER = gotadi.com.testApp2UITests;
				PRODUCT_NAME = "$(TARGET_NAME)";
				SWIFT_VERSION = 3.0;
				TEST_TARGET_NAME = testApp2;
			};
			name = Release;
		};
/* End XCBuildConfiguration section */

/* Begin XCConfigurationList section */
		EB51D1581EA616050039659B /* Build configuration list for PBXProject "testApp2" */ = {
			isa = XCConfigurationList;
			buildConfigurations = (
				EB51D1831EA616050039659B /* Debug */,
				EB51D1841EA616050039659B /* Release */,
			);
			defaultConfigurationIsVisible = 0;
			defaultConfigurationName = Release;
		};
		EB51D1851EA616050039659B /* Build configuration list for PBXNativeTarget "testApp2" */ = {
			isa = XCConfigurationList;
			buildConfigurations = (
				EB51D1861EA616050039659B /* Debug */,
				EB51D1871EA616050039659B /* Release */,
			);
			defaultConfigurationIsVisible = 0;
		};
		EB51D1881EA616050039659B /* Build configuration list for PBXNativeTarget "testApp2Tests" */ = {
			isa = XCConfigurationList;
			buildConfigurations = (
				EB51D1891EA616050039659B /* Debug */,
				EB51D18A1EA616050039659B /* Release */,
			);
			defaultConfigurationIsVisible = 0;
		};
		EB51D18B1EA616050039659B /* Build configuration list for PBXNativeTarget "testApp2UITests" */ = {
			isa = XCConfigurationList;
			buildConfigurations = (
				EB51D18C1EA616050039659B /* Debug */,
				EB51D18D1EA616050039659B /* Release */,
			);
			defaultConfigurationIsVisible = 0;
		};
/* End XCConfigurationList section */
	};
	rootObject = EB51D1551EA616050039659B /* Project object */;
}
